
Microsoft Visual Studio Solution File, Format Version 12.00
# Visual Studio Version 17
VisualStudioVersion = 17.13.35931.197 d17.13
MinimumVisualStudioVersion = 10.0.40219.1
Project("{FAE04EC0-301F-11D3-BF4B-00C04F79EFBC}") = "02.MoreExercises", "02.MoreExercises\02.MoreExercises.csproj", "{860F44F5-BDE8-4450-A51B-8A249CA5564D}"
EndProject
Global
	GlobalSection(SolutionConfigurationPlatforms) = preSolution
		Debug|Any CPU = Debug|Any CPU
		Release|Any CPU = Release|Any CPU
	EndGlobalSection
	GlobalSection(ProjectConfigurationPlatforms) = postSolution
		{860F44F5-BDE8-4450-A51B-8A249CA5564D}.Debug|Any CPU.ActiveCfg = Debug|Any CPU
		{860F44F5-BDE8-4450-A51B-8A249CA5564D}.Debug|Any CPU.Build.0 = Debug|Any CPU
		{860F44F5-BDE8-4450-A51B-8A249CA5564D}.Release|Any CPU.ActiveCfg = Release|Any CPU
		{860F44F5-BDE8-4450-A51B-8A249CA5564D}.Release|Any CPU.Build.0 = Release|Any CPU
	EndGlobalSection
	GlobalSection(SolutionProperties) = preSolution
		HideSolutionNode = FALSE
	EndGlobalSection
	GlobalSection(ExtensibilityGlobals) = postSolution
		SolutionGuid = {6D07A9F6-6962-4AAD-9EA9-5D03BD0410BD}
	EndGlobalSection
EndGlobal
