
Microsoft Visual Studio Solution File, Format Version 12.00
# Visual Studio Version 17
VisualStudioVersion = 17.13.35931.197 d17.13
MinimumVisualStudioVersion = 10.0.40219.1
Project("{FAE04EC0-301F-11D3-BF4B-00C04F79EFBC}") = "01.ComputerStore", "01.ComputerStore\01.ComputerStore.csproj", "{3A2E712A-E083-4656-BFA2-72334F91077C}"
EndProject
Project("{FAE04EC0-301F-11D3-BF4B-00C04F79EFBC}") = "02.ShootForTheWin", "02.ShootForTheWin\02.ShootForTheWin.csproj", "{BC92B113-A04D-4311-955E-F4C388D0CEFA}"
EndProject
Global
	GlobalSection(SolutionConfigurationPlatforms) = preSolution
		Debug|Any CPU = Debug|Any CPU
		Release|Any CPU = Release|Any CPU
	EndGlobalSection
	GlobalSection(ProjectConfigurationPlatforms) = postSolution
		{3A2E712A-E083-4656-BFA2-72334F91077C}.Debug|Any CPU.ActiveCfg = Debug|Any CPU
		{3A2E712A-E083-4656-BFA2-72334F91077C}.Debug|Any CPU.Build.0 = Debug|Any CPU
		{3A2E712A-E083-4656-BFA2-72334F91077C}.Release|Any CPU.ActiveCfg = Release|Any CPU
		{3A2E712A-E083-4656-BFA2-72334F91077C}.Release|Any CPU.Build.0 = Release|Any CPU
		{BC92B113-A04D-4311-955E-F4C388D0CEFA}.Debug|Any CPU.ActiveCfg = Debug|Any CPU
		{BC92B113-A04D-4311-955E-F4C388D0CEFA}.Debug|Any CPU.Build.0 = Debug|Any CPU
		{BC92B113-A04D-4311-955E-F4C388D0CEFA}.Release|Any CPU.ActiveCfg = Release|Any CPU
		{BC92B113-A04D-4311-955E-F4C388D0CEFA}.Release|Any CPU.Build.0 = Release|Any CPU
	EndGlobalSection
	GlobalSection(SolutionProperties) = preSolution
		HideSolutionNode = FALSE
	EndGlobalSection
	GlobalSection(ExtensibilityGlobals) = postSolution
		SolutionGuid = {D365E905-D1FA-42DA-886D-A2927A612E22}
	EndGlobalSection
EndGlobal
