
Microsoft Visual Studio Solution File, Format Version 12.00
# Visual Studio Version 18
VisualStudioVersion = 18.0.11222.15
MinimumVisualStudioVersion = 10.0.40219.1
Project("{FAE04EC0-301F-11D3-BF4B-00C04F79EFBC}") = "FakeAxeAndDummy", "FakeAxeAndDummy\FakeAxeAndDummy.csproj", "{5F5AFDE9-45FE-4AA0-AF2B-B184F19073F6}"
EndProject
Project("{FAE04EC0-301F-11D3-BF4B-00C04F79EFBC}") = "FakeAxeAndDummy.Tests", "FakeAxeAndDummy.Tests\FakeAxeAndDummy.Tests.csproj", "{CF3CFC8D-B7E5-4593-A07D-1F6018DCA4C2}"
EndProject
Project("{FAE04EC0-301F-11D3-BF4B-00C04F79EFBC}") = "FakeAxeAndDummy.Interfaces", "FakeAxeAndDummy.Interfaces\FakeAxeAndDummy.Interfaces.csproj", "{1BE23EA6-AB83-412A-8B02-B1BD2234AA86}"
EndProject
Global
	GlobalSection(SolutionConfigurationPlatforms) = preSolution
		Debug|Any CPU = Debug|Any CPU
		Release|Any CPU = Release|Any CPU
	EndGlobalSection
	GlobalSection(ProjectConfigurationPlatforms) = postSolution
		{5F5AFDE9-45FE-4AA0-AF2B-B184F19073F6}.Debug|Any CPU.ActiveCfg = Debug|Any CPU
		{5F5AFDE9-45FE-4AA0-AF2B-B184F19073F6}.Debug|Any CPU.Build.0 = Debug|Any CPU
		{5F5AFDE9-45FE-4AA0-AF2B-B184F19073F6}.Release|Any CPU.ActiveCfg = Release|Any CPU
		{5F5AFDE9-45FE-4AA0-AF2B-B184F19073F6}.Release|Any CPU.Build.0 = Release|Any CPU
		{CF3CFC8D-B7E5-4593-A07D-1F6018DCA4C2}.Debug|Any CPU.ActiveCfg = Debug|Any CPU
		{CF3CFC8D-B7E5-4593-A07D-1F6018DCA4C2}.Debug|Any CPU.Build.0 = Debug|Any CPU
		{CF3CFC8D-B7E5-4593-A07D-1F6018DCA4C2}.Release|Any CPU.ActiveCfg = Release|Any CPU
		{CF3CFC8D-B7E5-4593-A07D-1F6018DCA4C2}.Release|Any CPU.Build.0 = Release|Any CPU
		{1BE23EA6-AB83-412A-8B02-B1BD2234AA86}.Debug|Any CPU.ActiveCfg = Debug|Any CPU
		{1BE23EA6-AB83-412A-8B02-B1BD2234AA86}.Debug|Any CPU.Build.0 = Debug|Any CPU
		{1BE23EA6-AB83-412A-8B02-B1BD2234AA86}.Release|Any CPU.ActiveCfg = Release|Any CPU
		{1BE23EA6-AB83-412A-8B02-B1BD2234AA86}.Release|Any CPU.Build.0 = Release|Any CPU
	EndGlobalSection
	GlobalSection(SolutionProperties) = preSolution
		HideSolutionNode = FALSE
	EndGlobalSection
	GlobalSection(ExtensibilityGlobals) = postSolution
		SolutionGuid = {106BEB18-8FB1-46FF-9BAE-111F91F3499B}
	EndGlobalSection
EndGlobal
