
Microsoft Visual Studio Solution File, Format Version 12.00
# Visual Studio Version 17
VisualStudioVersion = 17.14.36408.4
MinimumVisualStudioVersion = 10.0.40219.1
Project("{FAE04EC0-301F-11D3-BF4B-00C04F79EFBC}") = "00.Demo", "00.Demo\00.Demo.csproj", "{F83DB5D8-17E3-4CCD-8A1F-DC687B1F07A8}"
EndProject
Project("{FAE04EC0-301F-11D3-BF4B-00C04F79EFBC}") = "01.DiagonalDifference", "01.DiagonalDifference\01.DiagonalDifference.csproj", "{C9F91162-30CB-40E4-8B13-6DBE549A7EE7}"
EndProject
Project("{FAE04EC0-301F-11D3-BF4B-00C04F79EFBC}") = "02.SquaresInMatrix", "02.SquaresInMatrix\02.SquaresInMatrix.csproj", "{A427A440-404B-4DAC-A1B3-D34770285220}"
EndProject
Project("{FAE04EC0-301F-11D3-BF4B-00C04F79EFBC}") = "03.MaximalSum", "03.MaximalSum\03.MaximalSum.csproj", "{03012EA1-2A4B-467E-A70D-692EA3D1003C}"
EndProject
Global
	GlobalSection(SolutionConfigurationPlatforms) = preSolution
		Debug|Any CPU = Debug|Any CPU
		Release|Any CPU = Release|Any CPU
	EndGlobalSection
	GlobalSection(ProjectConfigurationPlatforms) = postSolution
		{F83DB5D8-17E3-4CCD-8A1F-DC687B1F07A8}.Debug|Any CPU.ActiveCfg = Debug|Any CPU
		{F83DB5D8-17E3-4CCD-8A1F-DC687B1F07A8}.Debug|Any CPU.Build.0 = Debug|Any CPU
		{F83DB5D8-17E3-4CCD-8A1F-DC687B1F07A8}.Release|Any CPU.ActiveCfg = Release|Any CPU
		{F83DB5D8-17E3-4CCD-8A1F-DC687B1F07A8}.Release|Any CPU.Build.0 = Release|Any CPU
		{C9F91162-30CB-40E4-8B13-6DBE549A7EE7}.Debug|Any CPU.ActiveCfg = Debug|Any CPU
		{C9F91162-30CB-40E4-8B13-6DBE549A7EE7}.Debug|Any CPU.Build.0 = Debug|Any CPU
		{C9F91162-30CB-40E4-8B13-6DBE549A7EE7}.Release|Any CPU.ActiveCfg = Release|Any CPU
		{C9F91162-30CB-40E4-8B13-6DBE549A7EE7}.Release|Any CPU.Build.0 = Release|Any CPU
		{A427A440-404B-4DAC-A1B3-D34770285220}.Debug|Any CPU.ActiveCfg = Debug|Any CPU
		{A427A440-404B-4DAC-A1B3-D34770285220}.Debug|Any CPU.Build.0 = Debug|Any CPU
		{A427A440-404B-4DAC-A1B3-D34770285220}.Release|Any CPU.ActiveCfg = Release|Any CPU
		{A427A440-404B-4DAC-A1B3-D34770285220}.Release|Any CPU.Build.0 = Release|Any CPU
		{03012EA1-2A4B-467E-A70D-692EA3D1003C}.Debug|Any CPU.ActiveCfg = Debug|Any CPU
		{03012EA1-2A4B-467E-A70D-692EA3D1003C}.Debug|Any CPU.Build.0 = Debug|Any CPU
		{03012EA1-2A4B-467E-A70D-692EA3D1003C}.Release|Any CPU.ActiveCfg = Release|Any CPU
		{03012EA1-2A4B-467E-A70D-692EA3D1003C}.Release|Any CPU.Build.0 = Release|Any CPU
	EndGlobalSection
	GlobalSection(SolutionProperties) = preSolution
		HideSolutionNode = FALSE
	EndGlobalSection
	GlobalSection(ExtensibilityGlobals) = postSolution
		SolutionGuid = {B190993F-A8CD-4BC8-AA97-92ABCFA6CD37}
	EndGlobalSection
EndGlobal
