
Microsoft Visual Studio Solution File, Format Version 12.00
# Visual Studio Version 17
VisualStudioVersion = 17.14.36408.4
MinimumVisualStudioVersion = 10.0.40219.1
Project("{FAE04EC0-301F-11D3-BF4B-00C04F79EFBC}") = "00.Demo", "00.Demo\00.Demo.csproj", "{F83DB5D8-17E3-4CCD-8A1F-DC687B1F07A8}"
EndProject
Project("{FAE04EC0-301F-11D3-BF4B-00C04F79EFBC}") = "01.DiagonalDifference", "01.DiagonalDifference\01.DiagonalDifference.csproj", "{C9F91162-30CB-40E4-8B13-6DBE549A7EE7}"
EndProject
Project("{FAE04EC0-301F-11D3-BF4B-00C04F79EFBC}") = "02.SquaresInMatrix", "02.SquaresInMatrix\02.SquaresInMatrix.csproj", "{A427A440-404B-4DAC-A1B3-D34770285220}"
EndProject
Project("{FAE04EC0-301F-11D3-BF4B-00C04F79EFBC}") = "03.MaximalSum", "03.MaximalSum\03.MaximalSum.csproj", "{03012EA1-2A4B-467E-A70D-692EA3D1003C}"
EndProject
Project("{FAE04EC0-301F-11D3-BF4B-00C04F79EFBC}") = "04.MatrixShuffling", "04.MatrixShuffling\04.MatrixShuffling.csproj", "{24810ED4-E536-479F-8691-93A7E0A96FB0}"
EndProject
Project("{FAE04EC0-301F-11D3-BF4B-00C04F79EFBC}") = "05.SnakeMoves", "05.SnakeMoves\05.SnakeMoves.csproj", "{27FE4016-4DBA-4743-B63E-774BEB404C26}"
EndProject
Project("{FAE04EC0-301F-11D3-BF4B-00C04F79EFBC}") = "06.JaggedArrayManipulator", "06.JaggedArrayManipulator\06.JaggedArrayManipulator.csproj", "{304F0A7F-98B5-42BA-9236-194E703372D8}"
EndProject
Project("{FAE04EC0-301F-11D3-BF4B-00C04F79EFBC}") = "07.KnightGame", "07.KnightGame\07.KnightGame.csproj", "{BA8D226D-8225-4059-A8E3-8F88B9EA0D97}"
EndProject
Project("{FAE04EC0-301F-11D3-BF4B-00C04F79EFBC}") = "08.Bombs", "08.Bombs\08.Bombs.csproj", "{18BDCE5D-E214-45C4-9FA6-C73F07963782}"
EndProject
Project("{FAE04EC0-301F-11D3-BF4B-00C04F79EFBC}") = "09.Miner", "09.Miner\09.Miner.csproj", "{0CA529C3-A56F-4942-B6D1-EFEE8DC5112A}"
EndProject
Project("{FAE04EC0-301F-11D3-BF4B-00C04F79EFBC}") = "10.RadioactiveMutantBunnies", "10.RadioactiveMutantBunnies\10.RadioactiveMutantBunnies.csproj", "{D7D75318-09FC-4820-B16B-02D9318719D1}"
EndProject
Global
	GlobalSection(SolutionConfigurationPlatforms) = preSolution
		Debug|Any CPU = Debug|Any CPU
		Release|Any CPU = Release|Any CPU
	EndGlobalSection
	GlobalSection(ProjectConfigurationPlatforms) = postSolution
		{F83DB5D8-17E3-4CCD-8A1F-DC687B1F07A8}.Debug|Any CPU.ActiveCfg = Debug|Any CPU
		{F83DB5D8-17E3-4CCD-8A1F-DC687B1F07A8}.Debug|Any CPU.Build.0 = Debug|Any CPU
		{F83DB5D8-17E3-4CCD-8A1F-DC687B1F07A8}.Release|Any CPU.ActiveCfg = Release|Any CPU
		{F83DB5D8-17E3-4CCD-8A1F-DC687B1F07A8}.Release|Any CPU.Build.0 = Release|Any CPU
		{C9F91162-30CB-40E4-8B13-6DBE549A7EE7}.Debug|Any CPU.ActiveCfg = Debug|Any CPU
		{C9F91162-30CB-40E4-8B13-6DBE549A7EE7}.Debug|Any CPU.Build.0 = Debug|Any CPU
		{C9F91162-30CB-40E4-8B13-6DBE549A7EE7}.Release|Any CPU.ActiveCfg = Release|Any CPU
		{C9F91162-30CB-40E4-8B13-6DBE549A7EE7}.Release|Any CPU.Build.0 = Release|Any CPU
		{A427A440-404B-4DAC-A1B3-D34770285220}.Debug|Any CPU.ActiveCfg = Debug|Any CPU
		{A427A440-404B-4DAC-A1B3-D34770285220}.Debug|Any CPU.Build.0 = Debug|Any CPU
		{A427A440-404B-4DAC-A1B3-D34770285220}.Release|Any CPU.ActiveCfg = Release|Any CPU
		{A427A440-404B-4DAC-A1B3-D34770285220}.Release|Any CPU.Build.0 = Release|Any CPU
		{03012EA1-2A4B-467E-A70D-692EA3D1003C}.Debug|Any CPU.ActiveCfg = Debug|Any CPU
		{03012EA1-2A4B-467E-A70D-692EA3D1003C}.Debug|Any CPU.Build.0 = Debug|Any CPU
		{03012EA1-2A4B-467E-A70D-692EA3D1003C}.Release|Any CPU.ActiveCfg = Release|Any CPU
		{03012EA1-2A4B-467E-A70D-692EA3D1003C}.Release|Any CPU.Build.0 = Release|Any CPU
		{24810ED4-E536-479F-8691-93A7E0A96FB0}.Debug|Any CPU.ActiveCfg = Debug|Any CPU
		{24810ED4-E536-479F-8691-93A7E0A96FB0}.Debug|Any CPU.Build.0 = Debug|Any CPU
		{24810ED4-E536-479F-8691-93A7E0A96FB0}.Release|Any CPU.ActiveCfg = Release|Any CPU
		{24810ED4-E536-479F-8691-93A7E0A96FB0}.Release|Any CPU.Build.0 = Release|Any CPU
		{27FE4016-4DBA-4743-B63E-774BEB404C26}.Debug|Any CPU.ActiveCfg = Debug|Any CPU
		{27FE4016-4DBA-4743-B63E-774BEB404C26}.Debug|Any CPU.Build.0 = Debug|Any CPU
		{27FE4016-4DBA-4743-B63E-774BEB404C26}.Release|Any CPU.ActiveCfg = Release|Any CPU
		{27FE4016-4DBA-4743-B63E-774BEB404C26}.Release|Any CPU.Build.0 = Release|Any CPU
		{304F0A7F-98B5-42BA-9236-194E703372D8}.Debug|Any CPU.ActiveCfg = Debug|Any CPU
		{304F0A7F-98B5-42BA-9236-194E703372D8}.Debug|Any CPU.Build.0 = Debug|Any CPU
		{304F0A7F-98B5-42BA-9236-194E703372D8}.Release|Any CPU.ActiveCfg = Release|Any CPU
		{304F0A7F-98B5-42BA-9236-194E703372D8}.Release|Any CPU.Build.0 = Release|Any CPU
		{BA8D226D-8225-4059-A8E3-8F88B9EA0D97}.Debug|Any CPU.ActiveCfg = Debug|Any CPU
		{BA8D226D-8225-4059-A8E3-8F88B9EA0D97}.Debug|Any CPU.Build.0 = Debug|Any CPU
		{BA8D226D-8225-4059-A8E3-8F88B9EA0D97}.Release|Any CPU.ActiveCfg = Release|Any CPU
		{BA8D226D-8225-4059-A8E3-8F88B9EA0D97}.Release|Any CPU.Build.0 = Release|Any CPU
		{18BDCE5D-E214-45C4-9FA6-C73F07963782}.Debug|Any CPU.ActiveCfg = Debug|Any CPU
		{18BDCE5D-E214-45C4-9FA6-C73F07963782}.Debug|Any CPU.Build.0 = Debug|Any CPU
		{18BDCE5D-E214-45C4-9FA6-C73F07963782}.Release|Any CPU.ActiveCfg = Release|Any CPU
		{18BDCE5D-E214-45C4-9FA6-C73F07963782}.Release|Any CPU.Build.0 = Release|Any CPU
		{0CA529C3-A56F-4942-B6D1-EFEE8DC5112A}.Debug|Any CPU.ActiveCfg = Debug|Any CPU
		{0CA529C3-A56F-4942-B6D1-EFEE8DC5112A}.Debug|Any CPU.Build.0 = Debug|Any CPU
		{0CA529C3-A56F-4942-B6D1-EFEE8DC5112A}.Release|Any CPU.ActiveCfg = Release|Any CPU
		{0CA529C3-A56F-4942-B6D1-EFEE8DC5112A}.Release|Any CPU.Build.0 = Release|Any CPU
		{D7D75318-09FC-4820-B16B-02D9318719D1}.Debug|Any CPU.ActiveCfg = Debug|Any CPU
		{D7D75318-09FC-4820-B16B-02D9318719D1}.Debug|Any CPU.Build.0 = Debug|Any CPU
		{D7D75318-09FC-4820-B16B-02D9318719D1}.Release|Any CPU.ActiveCfg = Release|Any CPU
		{D7D75318-09FC-4820-B16B-02D9318719D1}.Release|Any CPU.Build.0 = Release|Any CPU
	EndGlobalSection
	GlobalSection(SolutionProperties) = preSolution
		HideSolutionNode = FALSE
	EndGlobalSection
	GlobalSection(ExtensibilityGlobals) = postSolution
		SolutionGuid = {B190993F-A8CD-4BC8-AA97-92ABCFA6CD37}
	EndGlobalSection
EndGlobal
