
Microsoft Visual Studio Solution File, Format Version 12.00
# Visual Studio Version 17
VisualStudioVersion = 17.14.36301.6 d17.14
MinimumVisualStudioVersion = 10.0.40219.1
Project("{FAE04EC0-301F-11D3-BF4B-00C04F79EFBC}") = "00.Demos", "00.Demos\00.Demos.csproj", "{6F0C5C8C-D51E-47DA-BA26-7BDB221D4AB3}"
EndProject
Project("{FAE04EC0-301F-11D3-BF4B-00C04F79EFBC}") = "01.HelloSoftUni", "01.HelloSoftUni\01.HelloSoftUni.csproj", "{ABEDB93E-E1D3-47B5-BF46-C6CD6AB96392}"
EndProject
Project("{FAE04EC0-301F-11D3-BF4B-00C04F79EFBC}") = "02.Nums1-10", "02.Nums1-10\02.Nums1-10.csproj", "{03F25955-B63D-4045-B5AA-3752E68707A7}"
EndProject
Project("{FAE04EC0-301F-11D3-BF4B-00C04F79EFBC}") = "03.RectangleArea", "03.RectangleArea\03.RectangleArea.csproj", "{D28344EB-EECC-48B9-A32D-B22831362EBB}"
EndProject
Project("{FAE04EC0-301F-11D3-BF4B-00C04F79EFBC}") = "04.InchesToCentimeters", "04.InchesToCentimeters\04.InchesToCentimeters.csproj", "{83639B7F-0FCA-47B1-A76B-72B1B06A234B}"
EndProject
Project("{FAE04EC0-301F-11D3-BF4B-00C04F79EFBC}") = "05.GreetingByName", "05.GreetingByName\05.GreetingByName.csproj", "{5A0AF6CB-5F72-43BC-95BC-48EA2700B94E}"
EndProject
Project("{FAE04EC0-301F-11D3-BF4B-00C04F79EFBC}") = "06.ConcatenateData", "06.ConcatenateData\06.ConcatenateData.csproj", "{28B9ADF5-53C6-4A1A-BF7A-433FB1A4529C}"
EndProject
Project("{FAE04EC0-301F-11D3-BF4B-00C04F79EFBC}") = "07.ProjectsCreation", "07.ProjectsCreation\07.ProjectsCreation.csproj", "{3145D159-3022-44FD-9D7B-24B5049ACE5F}"
EndProject
Project("{FAE04EC0-301F-11D3-BF4B-00C04F79EFBC}") = "08.PetShop", "08.PetShop\08.PetShop.csproj", "{F5F2192B-9AB1-4744-8F6C-A3D68C7F6D32}"
EndProject
Project("{FAE04EC0-301F-11D3-BF4B-00C04F79EFBC}") = "09.YardGreening", "09.YardGreening\09.YardGreening.csproj", "{8D329E86-1A41-4596-8DE7-D082C0C1DFC2}"
EndProject
Global
	GlobalSection(SolutionConfigurationPlatforms) = preSolution
		Debug|Any CPU = Debug|Any CPU
		Release|Any CPU = Release|Any CPU
	EndGlobalSection
	GlobalSection(ProjectConfigurationPlatforms) = postSolution
		{6F0C5C8C-D51E-47DA-BA26-7BDB221D4AB3}.Debug|Any CPU.ActiveCfg = Debug|Any CPU
		{6F0C5C8C-D51E-47DA-BA26-7BDB221D4AB3}.Debug|Any CPU.Build.0 = Debug|Any CPU
		{6F0C5C8C-D51E-47DA-BA26-7BDB221D4AB3}.Release|Any CPU.ActiveCfg = Release|Any CPU
		{6F0C5C8C-D51E-47DA-BA26-7BDB221D4AB3}.Release|Any CPU.Build.0 = Release|Any CPU
		{ABEDB93E-E1D3-47B5-BF46-C6CD6AB96392}.Debug|Any CPU.ActiveCfg = Debug|Any CPU
		{ABEDB93E-E1D3-47B5-BF46-C6CD6AB96392}.Debug|Any CPU.Build.0 = Debug|Any CPU
		{ABEDB93E-E1D3-47B5-BF46-C6CD6AB96392}.Release|Any CPU.ActiveCfg = Release|Any CPU
		{ABEDB93E-E1D3-47B5-BF46-C6CD6AB96392}.Release|Any CPU.Build.0 = Release|Any CPU
		{03F25955-B63D-4045-B5AA-3752E68707A7}.Debug|Any CPU.ActiveCfg = Debug|Any CPU
		{03F25955-B63D-4045-B5AA-3752E68707A7}.Debug|Any CPU.Build.0 = Debug|Any CPU
		{03F25955-B63D-4045-B5AA-3752E68707A7}.Release|Any CPU.ActiveCfg = Release|Any CPU
		{03F25955-B63D-4045-B5AA-3752E68707A7}.Release|Any CPU.Build.0 = Release|Any CPU
		{D28344EB-EECC-48B9-A32D-B22831362EBB}.Debug|Any CPU.ActiveCfg = Debug|Any CPU
		{D28344EB-EECC-48B9-A32D-B22831362EBB}.Debug|Any CPU.Build.0 = Debug|Any CPU
		{D28344EB-EECC-48B9-A32D-B22831362EBB}.Release|Any CPU.ActiveCfg = Release|Any CPU
		{D28344EB-EECC-48B9-A32D-B22831362EBB}.Release|Any CPU.Build.0 = Release|Any CPU
		{83639B7F-0FCA-47B1-A76B-72B1B06A234B}.Debug|Any CPU.ActiveCfg = Debug|Any CPU
		{83639B7F-0FCA-47B1-A76B-72B1B06A234B}.Debug|Any CPU.Build.0 = Debug|Any CPU
		{83639B7F-0FCA-47B1-A76B-72B1B06A234B}.Release|Any CPU.ActiveCfg = Release|Any CPU
		{83639B7F-0FCA-47B1-A76B-72B1B06A234B}.Release|Any CPU.Build.0 = Release|Any CPU
		{5A0AF6CB-5F72-43BC-95BC-48EA2700B94E}.Debug|Any CPU.ActiveCfg = Debug|Any CPU
		{5A0AF6CB-5F72-43BC-95BC-48EA2700B94E}.Debug|Any CPU.Build.0 = Debug|Any CPU
		{5A0AF6CB-5F72-43BC-95BC-48EA2700B94E}.Release|Any CPU.ActiveCfg = Release|Any CPU
		{5A0AF6CB-5F72-43BC-95BC-48EA2700B94E}.Release|Any CPU.Build.0 = Release|Any CPU
		{28B9ADF5-53C6-4A1A-BF7A-433FB1A4529C}.Debug|Any CPU.ActiveCfg = Debug|Any CPU
		{28B9ADF5-53C6-4A1A-BF7A-433FB1A4529C}.Debug|Any CPU.Build.0 = Debug|Any CPU
		{28B9ADF5-53C6-4A1A-BF7A-433FB1A4529C}.Release|Any CPU.ActiveCfg = Release|Any CPU
		{28B9ADF5-53C6-4A1A-BF7A-433FB1A4529C}.Release|Any CPU.Build.0 = Release|Any CPU
		{3145D159-3022-44FD-9D7B-24B5049ACE5F}.Debug|Any CPU.ActiveCfg = Debug|Any CPU
		{3145D159-3022-44FD-9D7B-24B5049ACE5F}.Debug|Any CPU.Build.0 = Debug|Any CPU
		{3145D159-3022-44FD-9D7B-24B5049ACE5F}.Release|Any CPU.ActiveCfg = Release|Any CPU
		{3145D159-3022-44FD-9D7B-24B5049ACE5F}.Release|Any CPU.Build.0 = Release|Any CPU
		{F5F2192B-9AB1-4744-8F6C-A3D68C7F6D32}.Debug|Any CPU.ActiveCfg = Debug|Any CPU
		{F5F2192B-9AB1-4744-8F6C-A3D68C7F6D32}.Debug|Any CPU.Build.0 = Debug|Any CPU
		{F5F2192B-9AB1-4744-8F6C-A3D68C7F6D32}.Release|Any CPU.ActiveCfg = Release|Any CPU
		{F5F2192B-9AB1-4744-8F6C-A3D68C7F6D32}.Release|Any CPU.Build.0 = Release|Any CPU
		{8D329E86-1A41-4596-8DE7-D082C0C1DFC2}.Debug|Any CPU.ActiveCfg = Debug|Any CPU
		{8D329E86-1A41-4596-8DE7-D082C0C1DFC2}.Debug|Any CPU.Build.0 = Debug|Any CPU
		{8D329E86-1A41-4596-8DE7-D082C0C1DFC2}.Release|Any CPU.ActiveCfg = Release|Any CPU
		{8D329E86-1A41-4596-8DE7-D082C0C1DFC2}.Release|Any CPU.Build.0 = Release|Any CPU
	EndGlobalSection
	GlobalSection(SolutionProperties) = preSolution
		HideSolutionNode = FALSE
	EndGlobalSection
	GlobalSection(ExtensibilityGlobals) = postSolution
		SolutionGuid = {DCD82B52-353C-459D-9295-F6F993BBE0FA}
	EndGlobalSection
EndGlobal
