
Microsoft Visual Studio Solution File, Format Version 12.00
# Visual Studio Version 17
VisualStudioVersion = 17.14.36212.18 d17.14
MinimumVisualStudioVersion = 10.0.40219.1
Project("{FAE04EC0-301F-11D3-BF4B-00C04F79EFBC}") = "RegularMidExam", "RegularMidExam\RegularMidExam.csproj", "{C0B10CEB-899A-46B8-A24F-22757097DEDB}"
EndProject
Project("{FAE04EC0-301F-11D3-BF4B-00C04F79EFBC}") = "01.CookingMasterclass", "01.CookingMasterclass\01.CookingMasterclass.csproj", "{208C8EC2-715D-46A4-9A2F-DBBD14E39F27}"
EndProject
Project("{FAE04EC0-301F-11D3-BF4B-00C04F79EFBC}") = "02.FriendlistMaitanence", "02.FriendlistMaitanence\02.FriendlistMaitanence.csproj", "{D2E51F54-C513-4D89-99F7-54FC62DABB31}"
EndProject
Project("{FAE04EC0-301F-11D3-BF4B-00C04F79EFBC}") = "03.ChatLogger", "03.ChatLogger\03.ChatLogger.csproj", "{B688A8B3-C4F0-4EE9-ABD4-666182F22504}"
EndProject
Global
	GlobalSection(SolutionConfigurationPlatforms) = preSolution
		Debug|Any CPU = Debug|Any CPU
		Release|Any CPU = Release|Any CPU
	EndGlobalSection
	GlobalSection(ProjectConfigurationPlatforms) = postSolution
		{C0B10CEB-899A-46B8-A24F-22757097DEDB}.Debug|Any CPU.ActiveCfg = Debug|Any CPU
		{C0B10CEB-899A-46B8-A24F-22757097DEDB}.Debug|Any CPU.Build.0 = Debug|Any CPU
		{C0B10CEB-899A-46B8-A24F-22757097DEDB}.Release|Any CPU.ActiveCfg = Release|Any CPU
		{C0B10CEB-899A-46B8-A24F-22757097DEDB}.Release|Any CPU.Build.0 = Release|Any CPU
		{208C8EC2-715D-46A4-9A2F-DBBD14E39F27}.Debug|Any CPU.ActiveCfg = Debug|Any CPU
		{208C8EC2-715D-46A4-9A2F-DBBD14E39F27}.Debug|Any CPU.Build.0 = Debug|Any CPU
		{208C8EC2-715D-46A4-9A2F-DBBD14E39F27}.Release|Any CPU.ActiveCfg = Release|Any CPU
		{208C8EC2-715D-46A4-9A2F-DBBD14E39F27}.Release|Any CPU.Build.0 = Release|Any CPU
		{D2E51F54-C513-4D89-99F7-54FC62DABB31}.Debug|Any CPU.ActiveCfg = Debug|Any CPU
		{D2E51F54-C513-4D89-99F7-54FC62DABB31}.Debug|Any CPU.Build.0 = Debug|Any CPU
		{D2E51F54-C513-4D89-99F7-54FC62DABB31}.Release|Any CPU.ActiveCfg = Release|Any CPU
		{D2E51F54-C513-4D89-99F7-54FC62DABB31}.Release|Any CPU.Build.0 = Release|Any CPU
		{B688A8B3-C4F0-4EE9-ABD4-666182F22504}.Debug|Any CPU.ActiveCfg = Debug|Any CPU
		{B688A8B3-C4F0-4EE9-ABD4-666182F22504}.Debug|Any CPU.Build.0 = Debug|Any CPU
		{B688A8B3-C4F0-4EE9-ABD4-666182F22504}.Release|Any CPU.ActiveCfg = Release|Any CPU
		{B688A8B3-C4F0-4EE9-ABD4-666182F22504}.Release|Any CPU.Build.0 = Release|Any CPU
	EndGlobalSection
	GlobalSection(SolutionProperties) = preSolution
		HideSolutionNode = FALSE
	EndGlobalSection
	GlobalSection(ExtensibilityGlobals) = postSolution
		SolutionGuid = {8D787A0E-5A77-4F27-B260-3B50AA2594D6}
	EndGlobalSection
EndGlobal
